
Microsoft Visual Studio Solution File, Format Version 12.00
# Visual Studio Version 17
VisualStudioVersion = 17.13.35825.156 d17.13
MinimumVisualStudioVersion = 10.0.40219.1
Project("{FAE04EC0-301F-11D3-BF4B-00C04F79EFBC}") = "ERP-UI", "ERP-UI.csproj", "{DD4EB4EE-F2B1-4929-BCBB-B5D3D1573F92}"
EndProject
Project("{FAE04EC0-301F-11D3-BF4B-00C04F79EFBC}") = "ERP-Fix", "..\ERP-Fix\ERP-Fix.csproj", "{F009EBF4-7E6A-B8AC-B44E-9B8D29FEB343}"
EndProject
Global
	GlobalSection(SolutionConfigurationPlatforms) = preSolution
		Debug|Any CPU = Debug|Any CPU
		Release|Any CPU = Release|Any CPU
	EndGlobalSection
	GlobalSection(ProjectConfigurationPlatforms) = postSolution
		{DD4EB4EE-F2B1-4929-BCBB-B5D3D1573F92}.Debug|Any CPU.ActiveCfg = Debug|Any CPU
		{DD4EB4EE-F2B1-4929-BCBB-B5D3D1573F92}.Debug|Any CPU.Build.0 = Debug|Any CPU
		{DD4EB4EE-F2B1-4929-BCBB-B5D3D1573F92}.Release|Any CPU.ActiveCfg = Release|Any CPU
		{DD4EB4EE-F2B1-4929-BCBB-B5D3D1573F92}.Release|Any CPU.Build.0 = Release|Any CPU
		{F009EBF4-7E6A-B8AC-B44E-9B8D29FEB343}.Debug|Any CPU.ActiveCfg = Debug|Any CPU
		{F009EBF4-7E6A-B8AC-B44E-9B8D29FEB343}.Debug|Any CPU.Build.0 = Debug|Any CPU
		{F009EBF4-7E6A-B8AC-B44E-9B8D29FEB343}.Release|Any CPU.ActiveCfg = Release|Any CPU
		{F009EBF4-7E6A-B8AC-B44E-9B8D29FEB343}.Release|Any CPU.Build.0 = Release|Any CPU
	EndGlobalSection
	GlobalSection(SolutionProperties) = preSolution
		HideSolutionNode = FALSE
	EndGlobalSection
	GlobalSection(ExtensibilityGlobals) = postSolution
		SolutionGuid = {B6055D28-CEAE-4FDB-840B-AFE48F1DB53E}
	EndGlobalSection
EndGlobal
